
Microsoft Visual Studio Solution File, Format Version 11.00
# Visual Studio 2010
Project("{FAE04EC0-301F-11D3-BF4B-00C04F79EFBC}") = "Assembly-CSharp", "Assembly-CSharp.csproj", "{71433202-d156-e74d-c1df-c482c8c7c78b}"
EndProject
Project("{FAE04EC0-301F-11D3-BF4B-00C04F79EFBC}") = "Assembly-CSharp-Editor", "Assembly-CSharp-Editor.csproj", "{3bab58fe-a3fb-0d59-a057-c56071bb2602}"
EndProject
Project("{FAE04EC0-301F-11D3-BF4B-00C04F79EFBC}") = "Assembly-CSharp-Editor-firstpass", "Assembly-CSharp-Editor-firstpass.csproj", "{2288bd8a-5b07-0271-5b7e-a57d5a98639b}"
EndProject
Global
	GlobalSection(SolutionConfigurationPlatforms) = preSolution
		Debug|Any CPU = Debug|Any CPU
	EndGlobalSection
	GlobalSection(ProjectConfigurationPlatforms) = postSolution
		{71433202-d156-e74d-c1df-c482c8c7c78b}.Debug|Any CPU.ActiveCfg = Debug|Any CPU
		{71433202-d156-e74d-c1df-c482c8c7c78b}.Debug|Any CPU.Build.0 = Debug|Any CPU
		{3bab58fe-a3fb-0d59-a057-c56071bb2602}.Debug|Any CPU.ActiveCfg = Debug|Any CPU
		{3bab58fe-a3fb-0d59-a057-c56071bb2602}.Debug|Any CPU.Build.0 = Debug|Any CPU
		{2288bd8a-5b07-0271-5b7e-a57d5a98639b}.Debug|Any CPU.ActiveCfg = Debug|Any CPU
		{2288bd8a-5b07-0271-5b7e-a57d5a98639b}.Debug|Any CPU.Build.0 = Debug|Any CPU
	EndGlobalSection
	GlobalSection(SolutionProperties) = preSolution
		HideSolutionNode = FALSE
	EndGlobalSection
EndGlobal
