
Microsoft Visual Studio Solution File, Format Version 11.00
# Visual Studio 2010
Project("{FAE04EC0-301F-11D3-BF4B-00C04F79EFBC}") = "Assembly-CSharp", "Assembly-CSharp.csproj", "{02324371-56D1-4DE7-C1DF-C482C8C7C78B}"
EndProject
Project("{FAE04EC0-301F-11D3-BF4B-00C04F79EFBC}") = "Assembly-CSharp-Editor", "Assembly-CSharp-Editor.csproj", "{FE58AB3B-FBA3-590D-A057-C56071BB2602}"
EndProject
Project("{FAE04EC0-301F-11D3-BF4B-00C04F79EFBC}") = "Assembly-CSharp-Editor-firstpass", "Assembly-CSharp-Editor-firstpass.csproj", "{8ABD8822-075B-7102-5B7E-A57D5A98639B}"
EndProject
Global
	GlobalSection(SolutionConfigurationPlatforms) = preSolution
		Debug|Any CPU = Debug|Any CPU
		Release|Any CPU = Release|Any CPU
	EndGlobalSection
	GlobalSection(ProjectConfigurationPlatforms) = postSolution
		{02324371-56D1-4DE7-C1DF-C482C8C7C78B}.Debug|Any CPU.ActiveCfg = Debug|Any CPU
		{02324371-56D1-4DE7-C1DF-C482C8C7C78B}.Debug|Any CPU.Build.0 = Debug|Any CPU
		{02324371-56D1-4DE7-C1DF-C482C8C7C78B}.Release|Any CPU.ActiveCfg = Release|Any CPU
		{02324371-56D1-4DE7-C1DF-C482C8C7C78B}.Release|Any CPU.Build.0 = Release|Any CPU
		{FE58AB3B-FBA3-590D-A057-C56071BB2602}.Debug|Any CPU.ActiveCfg = Debug|Any CPU
		{FE58AB3B-FBA3-590D-A057-C56071BB2602}.Debug|Any CPU.Build.0 = Debug|Any CPU
		{FE58AB3B-FBA3-590D-A057-C56071BB2602}.Release|Any CPU.ActiveCfg = Release|Any CPU
		{FE58AB3B-FBA3-590D-A057-C56071BB2602}.Release|Any CPU.Build.0 = Release|Any CPU
		{8ABD8822-075B-7102-5B7E-A57D5A98639B}.Debug|Any CPU.ActiveCfg = Debug|Any CPU
		{8ABD8822-075B-7102-5B7E-A57D5A98639B}.Debug|Any CPU.Build.0 = Debug|Any CPU
		{8ABD8822-075B-7102-5B7E-A57D5A98639B}.Release|Any CPU.ActiveCfg = Release|Any CPU
		{8ABD8822-075B-7102-5B7E-A57D5A98639B}.Release|Any CPU.Build.0 = Release|Any CPU
	EndGlobalSection
	GlobalSection(SolutionProperties) = preSolution
		HideSolutionNode = FALSE
	EndGlobalSection
EndGlobal
